<?xml version="1.0" encoding="utf-8"?>
<Project ToolsVersion="16.0" xmlns="http://schemas.microsoft.com/developer/msbuild/2003">
  <ItemGroup>
    <ClCompile Include="H:\xichen\sources\mcc\src\args.c">
      <Filter>Source Files</Filter>
    </ClCompile>
    <ClCompile Include="H:\xichen\sources\mcc\src\array.c">
      <Filter>Source Files</Filter>
    </ClCompile>
    <ClCompile Include="H:\xichen\sources\mcc\src\file.c">
      <Filter>Source Files</Filter>
    </ClCompile>
    <ClCompile Include="H:\xichen\sources\mcc\src\help.c">
      <Filter>Source Files</Filter>
    </ClCompile>
    <ClCompile Include="H:\xichen\sources\mcc\src\id.c">
      <Filter>Source Files</Filter>
    </ClCompile>
    <ClCompile Include="H:\xichen\sources\mcc\src\keyword.c">
      <Filter>Source Files</Filter>
    </ClCompile>
    <ClCompile Include="H:\xichen\sources\mcc\src\lex.c">
      <Filter>Source Files</Filter>
    </ClCompile>
    <ClCompile Include="H:\xichen\sources\mcc\src\mem_buf.c">
      <Filter>Source Files</Filter>
    </ClCompile>
    <ClCompile Include="H:\xichen\sources\mcc\src\string.c">
      <Filter>Source Files</Filter>
    </ClCompile>
    <ClCompile Include="H:\xichen\sources\mcc\src\time.c">
      <Filter>Source Files</Filter>
    </ClCompile>
    <ClCompile Include="H:\xichen\sources\mcc\src\token.c">
      <Filter>Source Files</Filter>
    </ClCompile>
    <ClCompile Include="H:\xichen\sources\mcc\src\type.c">
      <Filter>Source Files</Filter>
    </ClCompile>
    <ClCompile Include="H:\xichen\sources\mcc\src\ver.c">
      <Filter>Source Files</Filter>
    </ClCompile>
    <ClCompile Include="H:\xichen\sources\mcc\main.c">
      <Filter>Source Files</Filter>
    </ClCompile>
  </ItemGroup>
  <ItemGroup>
    <CustomBuild Include="H:\xichen\sources\mcc\cmake\CMakelists.txt" />
  </ItemGroup>
  <ItemGroup>
    <Filter Include="Source Files">
      <UniqueIdentifier>{E213C1DF-1380-3B38-B32D-FCAF610F823E}</UniqueIdentifier>
    </Filter>
  </ItemGroup>
</Project>
